// !$*UTF8*$!
{
	archiveVersion = 1;
	classes = {
	};
	objectVersion = 50;
	objects = {

/* Begin PBXBuildFile section */
		C38D890A27867B70001136BD /* AppDelegate.swift in Sources */ = {isa = PBXBuildFile; fileRef = C38D890927867B70001136BD /* AppDelegate.swift */; };
		C38D890C27867B70001136BD /* SceneDelegate.swift in Sources */ = {isa = PBXBuildFile; fileRef = C38D890B27867B70001136BD /* SceneDelegate.swift */; };
		C38D890E27867B70001136BD /* BucketListViewController.swift in Sources */ = {isa = PBXBuildFile; fileRef = C38D890D27867B70001136BD /* BucketListViewController.swift */; };
		C38D891127867B70001136BD /* Main.storyboard in Resources */ = {isa = PBXBuildFile; fileRef = C38D890F27867B70001136BD /* Main.storyboard */; };
		C38D891327867B72001136BD /* Assets.xcassets in Resources */ = {isa = PBXBuildFile; fileRef = C38D891227867B72001136BD /* Assets.xcassets */; };
		C38D891627867B72001136BD /* LaunchScreen.storyboard in Resources */ = {isa = PBXBuildFile; fileRef = C38D891427867B72001136BD /* LaunchScreen.storyboard */; };
		C38D892127867B73001136BD /* BucketListTests.swift in Sources */ = {isa = PBXBuildFile; fileRef = C38D892027867B73001136BD /* BucketListTests.swift */; };
		C38D892C27867B73001136BD /* BucketListUITests.swift in Sources */ = {isa = PBXBuildFile; fileRef = C38D892B27867B73001136BD /* BucketListUITests.swift */; };
		C38D893A27867EFF001136BD /* AddItemTableViewController.swift in Sources */ = {isa = PBXBuildFile; fileRef = C38D893927867EFF001136BD /* AddItemTableViewController.swift */; };
/* End PBXBuildFile section */

/* Begin PBXContainerItemProxy section */
		C38D891D27867B73001136BD /* PBXContainerItemProxy */ = {
			isa = PBXContainerItemProxy;
			containerPortal = C38D88FE27867B70001136BD /* Project object */;
			proxyType = 1;
			remoteGlobalIDString = C38D890527867B70001136BD;
			remoteInfo = BucketList;
		};
		C38D892827867B73001136BD /* PBXContainerItemProxy */ = {
			isa = PBXContainerItemProxy;
			containerPortal = C38D88FE27867B70001136BD /* Project object */;
			proxyType = 1;
			remoteGlobalIDString = C38D890527867B70001136BD;
			remoteInfo = BucketList;
		};
/* End PBXContainerItemProxy section */

/* Begin PBXFileReference section */
		C38D890627867B70001136BD /* BucketList.app */ = {isa = PBXFileReference; explicitFileType = wrapper.application; includeInIndex = 0; path = BucketList.app; sourceTree = BUILT_PRODUCTS_DIR; };
		C38D890927867B70001136BD /* AppDelegate.swift */ = {isa = PBXFileReference; lastKnownFileType = sourcecode.swift; path = AppDelegate.swift; sourceTree = "<group>"; };
		C38D890B27867B70001136BD /* SceneDelegate.swift */ = {isa = PBXFileReference; lastKnownFileType = sourcecode.swift; path = SceneDelegate.swift; sourceTree = "<group>"; };
		C38D890D27867B70001136BD /* BucketListViewController.swift */ = {isa = PBXFileReference; lastKnownFileType = sourcecode.swift; path = BucketListViewController.swift; sourceTree = "<group>"; };
		C38D891027867B70001136BD /* Base */ = {isa = PBXFileReference; lastKnownFileType = file.storyboard; name = Base; path = Base.lproj/Main.storyboard; sourceTree = "<group>"; };
		C38D891227867B72001136BD /* Assets.xcassets */ = {isa = PBXFileReference; lastKnownFileType = folder.assetcatalog; path = Assets.xcassets; sourceTree = "<group>"; };
		C38D891527867B72001136BD /* Base */ = {isa = PBXFileReference; lastKnownFileType = file.storyboard; name = Base; path = Base.lproj/LaunchScreen.storyboard; sourceTree = "<group>"; };
		C38D891727867B72001136BD /* Info.plist */ = {isa = PBXFileReference; lastKnownFileType = text.plist.xml; path = Info.plist; sourceTree = "<group>"; };
		C38D891C27867B72001136BD /* BucketListTests.xctest */ = {isa = PBXFileReference; explicitFileType = wrapper.cfbundle; includeInIndex = 0; path = BucketListTests.xctest; sourceTree = BUILT_PRODUCTS_DIR; };
		C38D892027867B73001136BD /* BucketListTests.swift */ = {isa = PBXFileReference; lastKnownFileType = sourcecode.swift; path = BucketListTests.swift; sourceTree = "<group>"; };
		C38D892227867B73001136BD /* Info.plist */ = {isa = PBXFileReference; lastKnownFileType = text.plist.xml; path = Info.plist; sourceTree = "<group>"; };
		C38D892727867B73001136BD /* BucketListUITests.xctest */ = {isa = PBXFileReference; explicitFileType = wrapper.cfbundle; includeInIndex = 0; path = BucketListUITests.xctest; sourceTree = BUILT_PRODUCTS_DIR; };
		C38D892B27867B73001136BD /* BucketListUITests.swift */ = {isa = PBXFileReference; lastKnownFileType = sourcecode.swift; path = BucketListUITests.swift; sourceTree = "<group>"; };
		C38D892D27867B73001136BD /* Info.plist */ = {isa = PBXFileReference; lastKnownFileType = text.plist.xml; path = Info.plist; sourceTree = "<group>"; };
		C38D893927867EFF001136BD /* AddItemTableViewController.swift */ = {isa = PBXFileReference; lastKnownFileType = sourcecode.swift; path = AddItemTableViewController.swift; sourceTree = "<group>"; };
/* End PBXFileReference section */

/* Begin PBXFrameworksBuildPhase section */
		C38D890327867B70001136BD /* Frameworks */ = {
			isa = PBXFrameworksBuildPhase;
			buildActionMask = 2147483647;
			files = (
			);
			runOnlyForDeploymentPostprocessing = 0;
		};
		C38D891927867B72001136BD /* Frameworks */ = {
			isa = PBXFrameworksBuildPhase;
			buildActionMask = 2147483647;
			files = (
			);
			runOnlyForDeploymentPostprocessing = 0;
		};
		C38D892427867B73001136BD /* Frameworks */ = {
			isa = PBXFrameworksBuildPhase;
			buildActionMask = 2147483647;
			files = (
			);
			runOnlyForDeploymentPostprocessing = 0;
		};
/* End PBXFrameworksBuildPhase section */

/* Begin PBXGroup section */
		C38D88FD27867B70001136BD = {
			isa = PBXGroup;
			children = (
				C38D890827867B70001136BD /* BucketList */,
				C38D891F27867B73001136BD /* BucketListTests */,
				C38D892A27867B73001136BD /* BucketListUITests */,
				C38D890727867B70001136BD /* Products */,
			);
			sourceTree = "<group>";
		};
		C38D890727867B70001136BD /* Products */ = {
			isa = PBXGroup;
			children = (
				C38D890627867B70001136BD /* BucketList.app */,
				C38D891C27867B72001136BD /* BucketListTests.xctest */,
				C38D892727867B73001136BD /* BucketListUITests.xctest */,
			);
			name = Products;
			sourceTree = "<group>";
		};
		C38D890827867B70001136BD /* BucketList */ = {
			isa = PBXGroup;
			children = (
				C38D890927867B70001136BD /* AppDelegate.swift */,
				C38D890B27867B70001136BD /* SceneDelegate.swift */,
				C38D893927867EFF001136BD /* AddItemTableViewController.swift */,
				C38D890D27867B70001136BD /* BucketListViewController.swift */,
				C38D890F27867B70001136BD /* Main.storyboard */,
				C38D891227867B72001136BD /* Assets.xcassets */,
				C38D891427867B72001136BD /* LaunchScreen.storyboard */,
				C38D891727867B72001136BD /* Info.plist */,
			);
			path = BucketList;
			sourceTree = "<group>";
		};
		C38D891F27867B73001136BD /* BucketListTests */ = {
			isa = PBXGroup;
			children = (
				C38D892027867B73001136BD /* BucketListTests.swift */,
				C38D892227867B73001136BD /* Info.plist */,
			);
			path = BucketListTests;
			sourceTree = "<group>";
		};
		C38D892A27867B73001136BD /* BucketListUITests */ = {
			isa = PBXGroup;
			children = (
				C38D892B27867B73001136BD /* BucketListUITests.swift */,
				C38D892D27867B73001136BD /* Info.plist */,
			);
			path = BucketListUITests;
			sourceTree = "<group>";
		};
/* End PBXGroup section */

/* Begin PBXNativeTarget section */
		C38D890527867B70001136BD /* BucketList */ = {
			isa = PBXNativeTarget;
			buildConfigurationList = C38D893027867B73001136BD /* Build configuration list for PBXNativeTarget "BucketList" */;
			buildPhases = (
				C38D890227867B70001136BD /* Sources */,
				C38D890327867B70001136BD /* Frameworks */,
				C38D890427867B70001136BD /* Resources */,
			);
			buildRules = (
			);
			dependencies = (
			);
			name = BucketList;
			productName = BucketList;
			productReference = C38D890627867B70001136BD /* BucketList.app */;
			productType = "com.apple.product-type.application";
		};
		C38D891B27867B72001136BD /* BucketListTests */ = {
			isa = PBXNativeTarget;
			buildConfigurationList = C38D893327867B73001136BD /* Build configuration list for PBXNativeTarget "BucketListTests" */;
			buildPhases = (
				C38D891827867B72001136BD /* Sources */,
				C38D891927867B72001136BD /* Frameworks */,
				C38D891A27867B72001136BD /* Resources */,
			);
			buildRules = (
			);
			dependencies = (
				C38D891E27867B73001136BD /* PBXTargetDependency */,
			);
			name = BucketListTests;
			productName = BucketListTests;
			productReference = C38D891C27867B72001136BD /* BucketListTests.xctest */;
			productType = "com.apple.product-type.bundle.unit-test";
		};
		C38D892627867B73001136BD /* BucketListUITests */ = {
			isa = PBXNativeTarget;
			buildConfigurationList = C38D893627867B73001136BD /* Build configuration list for PBXNativeTarget "BucketListUITests" */;
			buildPhases = (
				C38D892327867B73001136BD /* Sources */,
				C38D892427867B73001136BD /* Frameworks */,
				C38D892527867B73001136BD /* Resources */,
			);
			buildRules = (
			);
			dependencies = (
				C38D892927867B73001136BD /* PBXTargetDependency */,
			);
			name = BucketListUITests;
			productName = BucketListUITests;
			productReference = C38D892727867B73001136BD /* BucketListUITests.xctest */;
			productType = "com.apple.product-type.bundle.ui-testing";
		};
/* End PBXNativeTarget section */

/* Begin PBXProject section */
		C38D88FE27867B70001136BD /* Project object */ = {
			isa = PBXProject;
			attributes = {
				LastSwiftUpdateCheck = 1250;
				LastUpgradeCheck = 1250;
				TargetAttributes = {
					C38D890527867B70001136BD = {
						CreatedOnToolsVersion = 12.5.1;
					};
					C38D891B27867B72001136BD = {
						CreatedOnToolsVersion = 12.5.1;
						TestTargetID = C38D890527867B70001136BD;
					};
					C38D892627867B73001136BD = {
						CreatedOnToolsVersion = 12.5.1;
						TestTargetID = C38D890527867B70001136BD;
					};
				};
			};
			buildConfigurationList = C38D890127867B70001136BD /* Build configuration list for PBXProject "BucketList" */;
			compatibilityVersion = "Xcode 9.3";
			developmentRegion = en;
			hasScannedForEncodings = 0;
			knownRegions = (
				en,
				Base,
			);
			mainGroup = C38D88FD27867B70001136BD;
			productRefGroup = C38D890727867B70001136BD /* Products */;
			projectDirPath = "";
			projectRoot = "";
			targets = (
				C38D890527867B70001136BD /* BucketList */,
				C38D891B27867B72001136BD /* BucketListTests */,
				C38D892627867B73001136BD /* BucketListUITests */,
			);
		};
/* End PBXProject section */

/* Begin PBXResourcesBuildPhase section */
		C38D890427867B70001136BD /* Resources */ = {
			isa = PBXResourcesBuildPhase;
			buildActionMask = 2147483647;
			files = (
				C38D891627867B72001136BD /* LaunchScreen.storyboard in Resources */,
				C38D891327867B72001136BD /* Assets.xcassets in Resources */,
				C38D891127867B70001136BD /* Main.storyboard in Resources */,
			);
			runOnlyForDeploymentPostprocessing = 0;
		};
		C38D891A27867B72001136BD /* Resources */ = {
			isa = PBXResourcesBuildPhase;
			buildActionMask = 2147483647;
			files = (
			);
			runOnlyForDeploymentPostprocessing = 0;
		};
		C38D892527867B73001136BD /* Resources */ = {
			isa = PBXResourcesBuildPhase;
			buildActionMask = 2147483647;
			files = (
			);
			runOnlyForDeploymentPostprocessing = 0;
		};
/* End PBXResourcesBuildPhase section */

/* Begin PBXSourcesBuildPhase section */
		C38D890227867B70001136BD /* Sources */ = {
			isa = PBXSourcesBuildPhase;
			buildActionMask = 2147483647;
			files = (
				C38D893A27867EFF001136BD /* AddItemTableViewController.swift in Sources */,
				C38D890E27867B70001136BD /* BucketListViewController.swift in Sources */,
				C38D890A27867B70001136BD /* AppDelegate.swift in Sources */,
				C38D890C27867B70001136BD /* SceneDelegate.swift in Sources */,
			);
			runOnlyForDeploymentPostprocessing = 0;
		};
		C38D891827867B72001136BD /* Sources */ = {
			isa = PBXSourcesBuildPhase;
			buildActionMask = 2147483647;
			files = (
				C38D892127867B73001136BD /* BucketListTests.swift in Sources */,
			);
			runOnlyForDeploymentPostprocessing = 0;
		};
		C38D892327867B73001136BD /* Sources */ = {
			isa = PBXSourcesBuildPhase;
			buildActionMask = 2147483647;
			files = (
				C38D892C27867B73001136BD /* BucketListUITests.swift in Sources */,
			);
			runOnlyForDeploymentPostprocessing = 0;
		};
/* End PBXSourcesBuildPhase section */

/* Begin PBXTargetDependency section */
		C38D891E27867B73001136BD /* PBXTargetDependency */ = {
			isa = PBXTargetDependency;
			target = C38D890527867B70001136BD /* BucketList */;
			targetProxy = C38D891D27867B73001136BD /* PBXContainerItemProxy */;
		};
		C38D892927867B73001136BD /* PBXTargetDependency */ = {
			isa = PBXTargetDependency;
			target = C38D890527867B70001136BD /* BucketList */;
			targetProxy = C38D892827867B73001136BD /* PBXContainerItemProxy */;
		};
/* End PBXTargetDependency section */

/* Begin PBXVariantGroup section */
		C38D890F27867B70001136BD /* Main.storyboard */ = {
			isa = PBXVariantGroup;
			children = (
				C38D891027867B70001136BD /* Base */,
			);
			name = Main.storyboard;
			sourceTree = "<group>";
		};
		C38D891427867B72001136BD /* LaunchScreen.storyboard */ = {
			isa = PBXVariantGroup;
			children = (
				C38D891527867B72001136BD /* Base */,
			);
			name = LaunchScreen.storyboard;
			sourceTree = "<group>";
		};
/* End PBXVariantGroup section */

/* Begin XCBuildConfiguration section */
		C38D892E27867B73001136BD /* Debug */ = {
			isa = XCBuildConfiguration;
			buildSettings = {
				ALWAYS_SEARCH_USER_PATHS = NO;
				CLANG_ANALYZER_NONNULL = YES;
				CLANG_ANALYZER_NUMBER_OBJECT_CONVERSION = YES_AGGRESSIVE;
				CLANG_CXX_LANGUAGE_STANDARD = "gnu++14";
				CLANG_CXX_LIBRARY = "libc++";
				CLANG_ENABLE_MODULES = YES;
				CLANG_ENABLE_OBJC_ARC = YES;
				CLANG_ENABLE_OBJC_WEAK = YES;
				CLANG_WARN_BLOCK_CAPTURE_AUTORELEASING = YES;
				CLANG_WARN_BOOL_CONVERSION = YES;
				CLANG_WARN_COMMA = YES;
				CLANG_WARN_CONSTANT_CONVERSION = YES;
				CLANG_WARN_DEPRECATED_OBJC_IMPLEMENTATIONS = YES;
				CLANG_WARN_DIRECT_OBJC_ISA_USAGE = YES_ERROR;
				CLANG_WARN_DOCUMENTATION_COMMENTS = YES;
				CLANG_WARN_EMPTY_BODY = YES;
				CLANG_WARN_ENUM_CONVERSION = YES;
				CLANG_WARN_INFINITE_RECURSION = YES;
				CLANG_WARN_INT_CONVERSION = YES;
				CLANG_WARN_NON_LITERAL_NULL_CONVERSION = YES;
				CLANG_WARN_OBJC_IMPLICIT_RETAIN_SELF = YES;
				CLANG_WARN_OBJC_LITERAL_CONVERSION = YES;
				CLANG_WARN_OBJC_ROOT_CLASS = YES_ERROR;
				CLANG_WARN_QUOTED_INCLUDE_IN_FRAMEWORK_HEADER = YES;
				CLANG_WARN_RANGE_LOOP_ANALYSIS = YES;
				CLANG_WARN_STRICT_PROTOTYPES = YES;
				CLANG_WARN_SUSPICIOUS_MOVE = YES;
				CLANG_WARN_UNGUARDED_AVAILABILITY = YES_AGGRESSIVE;
				CLANG_WARN_UNREACHABLE_CODE = YES;
				CLANG_WARN__DUPLICATE_METHOD_MATCH = YES;
				COPY_PHASE_STRIP = NO;
				DEBUG_INFORMATION_FORMAT = dwarf;
				ENABLE_STRICT_OBJC_MSGSEND = YES;
				ENABLE_TESTABILITY = YES;
				GCC_C_LANGUAGE_STANDARD = gnu11;
				GCC_DYNAMIC_NO_PIC = NO;
				GCC_NO_COMMON_BLOCKS = YES;
				GCC_OPTIMIZATION_LEVEL = 0;
				GCC_PREPROCESSOR_DEFINITIONS = (
					"DEBUG=1",
					"$(inherited)",
				);
				GCC_WARN_64_TO_32_BIT_CONVERSION = YES;
				GCC_WARN_ABOUT_RETURN_TYPE = YES_ERROR;
				GCC_WARN_UNDECLARED_SELECTOR = YES;
				GCC_WARN_UNINITIALIZED_AUTOS = YES_AGGRESSIVE;
				GCC_WARN_UNUSED_FUNCTION = YES;
				GCC_WARN_UNUSED_VARIABLE = YES;
				IPHONEOS_DEPLOYMENT_TARGET = 14.5;
				MTL_ENABLE_DEBUG_INFO = INCLUDE_SOURCE;
				MTL_FAST_MATH = YES;
				ONLY_ACTIVE_ARCH = YES;
				SDKROOT = iphoneos;
				SWIFT_ACTIVE_COMPILATION_CONDITIONS = DEBUG;
				SWIFT_OPTIMIZATION_LEVEL = "-Onone";
			};
			name = Debug;
		};
		C38D892F27867B73001136BD /* Release */ = {
			isa = XCBuildConfiguration;
			buildSettings = {
				ALWAYS_SEARCH_USER_PATHS = NO;
				CLANG_ANALYZER_NONNULL = YES;
				CLANG_ANALYZER_NUMBER_OBJECT_CONVERSION = YES_AGGRESSIVE;
				CLANG_CXX_LANGUAGE_STANDARD = "gnu++14";
				CLANG_CXX_LIBRARY = "libc++";
				CLANG_ENABLE_MODULES = YES;
				CLANG_ENABLE_OBJC_ARC = YES;
				CLANG_ENABLE_OBJC_WEAK = YES;
				CLANG_WARN_BLOCK_CAPTURE_AUTORELEASING = YES;
				CLANG_WARN_BOOL_CONVERSION = YES;
				CLANG_WARN_COMMA = YES;
				CLANG_WARN_CONSTANT_CONVERSION = YES;
				CLANG_WARN_DEPRECATED_OBJC_IMPLEMENTATIONS = YES;
				CLANG_WARN_DIRECT_OBJC_ISA_USAGE = YES_ERROR;
				CLANG_WARN_DOCUMENTATION_COMMENTS = YES;
				CLANG_WARN_EMPTY_BODY = YES;
				CLANG_WARN_ENUM_CONVERSION = YES;
				CLANG_WARN_INFINITE_RECURSION = YES;
				CLANG_WARN_INT_CONVERSION = YES;
				CLANG_WARN_NON_LITERAL_NULL_CONVERSION = YES;
				CLANG_WARN_OBJC_IMPLICIT_RETAIN_SELF = YES;
				CLANG_WARN_OBJC_LITERAL_CONVERSION = YES;
				CLANG_WARN_OBJC_ROOT_CLASS = YES_ERROR;
				CLANG_WARN_QUOTED_INCLUDE_IN_FRAMEWORK_HEADER = YES;
				CLANG_WARN_RANGE_LOOP_ANALYSIS = YES;
				CLANG_WARN_STRICT_PROTOTYPES = YES;
				CLANG_WARN_SUSPICIOUS_MOVE = YES;
				CLANG_WARN_UNGUARDED_AVAILABILITY = YES_AGGRESSIVE;
				CLANG_WARN_UNREACHABLE_CODE = YES;
				CLANG_WARN__DUPLICATE_METHOD_MATCH = YES;
				COPY_PHASE_STRIP = NO;
				DEBUG_INFORMATION_FORMAT = "dwarf-with-dsym";
				ENABLE_NS_ASSERTIONS = NO;
				ENABLE_STRICT_OBJC_MSGSEND = YES;
				GCC_C_LANGUAGE_STANDARD = gnu11;
				GCC_NO_COMMON_BLOCKS = YES;
				GCC_WARN_64_TO_32_BIT_CONVERSION = YES;
				GCC_WARN_ABOUT_RETURN_TYPE = YES_ERROR;
				GCC_WARN_UNDECLARED_SELECTOR = YES;
				GCC_WARN_UNINITIALIZED_AUTOS = YES_AGGRESSIVE;
				GCC_WARN_UNUSED_FUNCTION = YES;
				GCC_WARN_UNUSED_VARIABLE = YES;
				IPHONEOS_DEPLOYMENT_TARGET = 14.5;
				MTL_ENABLE_DEBUG_INFO = NO;
				MTL_FAST_MATH = YES;
				SDKROOT = iphoneos;
				SWIFT_COMPILATION_MODE = wholemodule;
				SWIFT_OPTIMIZATION_LEVEL = "-O";
				VALIDATE_PRODUCT = YES;
			};
			name = Release;
		};
		C38D893127867B73001136BD /* Debug */ = {
			isa = XCBuildConfiguration;
			buildSettings = {
				ASSETCATALOG_COMPILER_APPICON_NAME = AppIcon;
				ASSETCATALOG_COMPILER_GLOBAL_ACCENT_COLOR_NAME = AccentColor;
				CODE_SIGN_STYLE = Automatic;
				DEVELOPMENT_TEAM = 96H2CL5YW6;
				INFOPLIST_FILE = BucketList/Info.plist;
				LD_RUNPATH_SEARCH_PATHS = (
					"$(inherited)",
					"@executable_path/Frameworks",
				);
				PRODUCT_BUNDLE_IDENTIFIER = zahra.BucketList;
				PRODUCT_NAME = "$(TARGET_NAME)";
				SWIFT_VERSION = 5.0;
				TARGETED_DEVICE_FAMILY = "1,2";
			};
			name = Debug;
		};
		C38D893227867B73001136BD /* Release */ = {
			isa = XCBuildConfiguration;
			buildSettings = {
				ASSETCATALOG_COMPILER_APPICON_NAME = AppIcon;
				ASSETCATALOG_COMPILER_GLOBAL_ACCENT_COLOR_NAME = AccentColor;
				CODE_SIGN_STYLE = Automatic;
				DEVELOPMENT_TEAM = 96H2CL5YW6;
				INFOPLIST_FILE = BucketList/Info.plist;
				LD_RUNPATH_SEARCH_PATHS = (
					"$(inherited)",
					"@executable_path/Frameworks",
				);
				PRODUCT_BUNDLE_IDENTIFIER = zahra.BucketList;
				PRODUCT_NAME = "$(TARGET_NAME)";
				SWIFT_VERSION = 5.0;
				TARGETED_DEVICE_FAMILY = "1,2";
			};
			name = Release;
		};
		C38D893427867B73001136BD /* Debug */ = {
			isa = XCBuildConfiguration;
			buildSettings = {
				ALWAYS_EMBED_SWIFT_STANDARD_LIBRARIES = YES;
				BUNDLE_LOADER = "$(TEST_HOST)";
				CODE_SIGN_STYLE = Automatic;
				DEVELOPMENT_TEAM = 96H2CL5YW6;
				INFOPLIST_FILE = BucketListTests/Info.plist;
				IPHONEOS_DEPLOYMENT_TARGET = 14.5;
				LD_RUNPATH_SEARCH_PATHS = (
					"$(inherited)",
					"@executable_path/Frameworks",
					"@loader_path/Frameworks",
				);
				PRODUCT_BUNDLE_IDENTIFIER = zahra.BucketListTests;
				PRODUCT_NAME = "$(TARGET_NAME)";
				SWIFT_VERSION = 5.0;
				TARGETED_DEVICE_FAMILY = "1,2";
				TEST_HOST = "$(BUILT_PRODUCTS_DIR)/BucketList.app/BucketList";
			};
			name = Debug;
		};
		C38D893527867B73001136BD /* Release */ = {
			isa = XCBuildConfiguration;
			buildSettings = {
				ALWAYS_EMBED_SWIFT_STANDARD_LIBRARIES = YES;
				BUNDLE_LOADER = "$(TEST_HOST)";
				CODE_SIGN_STYLE = Automatic;
				DEVELOPMENT_TEAM = 96H2CL5YW6;
				INFOPLIST_FILE = BucketListTests/Info.plist;
				IPHONEOS_DEPLOYMENT_TARGET = 14.5;
				LD_RUNPATH_SEARCH_PATHS = (
					"$(inherited)",
					"@executable_path/Frameworks",
					"@loader_path/Frameworks",
				);
				PRODUCT_BUNDLE_IDENTIFIER = zahra.BucketListTests;
				PRODUCT_NAME = "$(TARGET_NAME)";
				SWIFT_VERSION = 5.0;
				TARGETED_DEVICE_FAMILY = "1,2";
				TEST_HOST = "$(BUILT_PRODUCTS_DIR)/BucketList.app/BucketList";
			};
			name = Release;
		};
		C38D893727867B73001136BD /* Debug */ = {
			isa = XCBuildConfiguration;
			buildSettings = {
				ALWAYS_EMBED_SWIFT_STANDARD_LIBRARIES = YES;
				CODE_SIGN_STYLE = Automatic;
				DEVELOPMENT_TEAM = 96H2CL5YW6;
				INFOPLIST_FILE = BucketListUITests/Info.plist;
				LD_RUNPATH_SEARCH_PATHS = (
					"$(inherited)",
					"@executable_path/Frameworks",
					"@loader_path/Frameworks",
				);
				PRODUCT_BUNDLE_IDENTIFIER = zahra.BucketListUITests;
				PRODUCT_NAME = "$(TARGET_NAME)";
				SWIFT_VERSION = 5.0;
				TARGETED_DEVICE_FAMILY = "1,2";
				TEST_TARGET_NAME = BucketList;
			};
			name = Debug;
		};
		C38D893827867B73001136BD /* Release */ = {
			isa = XCBuildConfiguration;
			buildSettings = {
				ALWAYS_EMBED_SWIFT_STANDARD_LIBRARIES = YES;
				CODE_SIGN_STYLE = Automatic;
				DEVELOPMENT_TEAM = 96H2CL5YW6;
				INFOPLIST_FILE = BucketListUITests/Info.plist;
				LD_RUNPATH_SEARCH_PATHS = (
					"$(inherited)",
					"@executable_path/Frameworks",
					"@loader_path/Frameworks",
				);
				PRODUCT_BUNDLE_IDENTIFIER = zahra.BucketListUITests;
				PRODUCT_NAME = "$(TARGET_NAME)";
				SWIFT_VERSION = 5.0;
				TARGETED_DEVICE_FAMILY = "1,2";
				TEST_TARGET_NAME = BucketList;
			};
			name = Release;
		};
/* End XCBuildConfiguration section */

/* Begin XCConfigurationList section */
		C38D890127867B70001136BD /* Build configuration list for PBXProject "BucketList" */ = {
			isa = XCConfigurationList;
			buildConfigurations = (
				C38D892E27867B73001136BD /* Debug */,
				C38D892F27867B73001136BD /* Release */,
			);
			defaultConfigurationIsVisible = 0;
			defaultConfigurationName = Release;
		};
		C38D893027867B73001136BD /* Build configuration list for PBXNativeTarget "BucketList" */ = {
			isa = XCConfigurationList;
			buildConfigurations = (
				C38D893127867B73001136BD /* Debug */,
				C38D893227867B73001136BD /* Release */,
			);
			defaultConfigurationIsVisible = 0;
			defaultConfigurationName = Release;
		};
		C38D893327867B73001136BD /* Build configuration list for PBXNativeTarget "BucketListTests" */ = {
			isa = XCConfigurationList;
			buildConfigurations = (
				C38D893427867B73001136BD /* Debug */,
				C38D893527867B73001136BD /* Release */,
			);
			defaultConfigurationIsVisible = 0;
			defaultConfigurationName = Release;
		};
		C38D893627867B73001136BD /* Build configuration list for PBXNativeTarget "BucketListUITests" */ = {
			isa = XCConfigurationList;
			buildConfigurations = (
				C38D893727867B73001136BD /* Debug */,
				C38D893827867B73001136BD /* Release */,
			);
			defaultConfigurationIsVisible = 0;
			defaultConfigurationName = Release;
		};
/* End XCConfigurationList section */
	};
	rootObject = C38D88FE27867B70001136BD /* Project object */;
}
